github.com/go-redis/redis v6.15.9+incompatible h1:K0pv1D7EQUjfyoMql+r/jZqCLizCGKFlFgcHWWmHQjg=
github.com/go-redis/redis v6.15.9+incompatible/go.mod h1:NAIEuMOZ/fxfXJIrKDQDz8wamY7mA7PouImQ2Jvg6kA=
github.com/mattn/go-sqlite3 v1.14.16 h1:yOQRA0RpS5PFz/oikGwBEqvAWhWg5ufRz4ETLjwpU1Y=
github.com/mattn/go-sqlite3 v1.14.16/go.mod h1:2eHXhiwb8IkHr+BDWZGa96P6+rkvnG63S2DGjv9HUNg=
github.com/ryouaki/koa v1.3.7 h1:v/RRNE2ivH7UCnmYBXmnWI6Gg+1me1oPSC7N9DVsaMs=
github.com/ryouaki/koa v1.3.7/go.mod h1:yMJ9vHoYnkrwTmrHTsce6cY5FksqEzA0B37+WYmdCSA=
